
Microsoft Visual Studio Solution File, Format Version 12.00
# Visual Studio Version 17
VisualStudioVersion = 17.0.31903.59
MinimumVisualStudioVersion = 10.0.40219.1
Project("{2150E333-8FDC-42A3-9474-1A3956D46DE8}") = "src", "src", "{7AFE6369-73FF-4A93-A6C2-7A5F01E4B253}"
EndProject
Project("{2150E333-8FDC-42A3-9474-1A3956D46DE8}") = "tests", "tests", "{57AFE945-B2D5-4631-B8A9-4EBF059E89A3}"
EndProject
Project("{FAE04EC0-301F-11D3-BF4B-00C04F79EFBC}") = "fplconv", "src\fplconv\fplconv.csproj", "{B63F6ADD-7A97-4959-8A98-A8A6F6BDE2D9}"
EndProject
Project("{FAE04EC0-301F-11D3-BF4B-00C04F79EFBC}") = "fplconv.Tests", "tests\fplconv.Tests\fplconv.Tests.csproj", "{39FB4CB0-7781-4EE0-AF5E-28A6CA68A139}"
EndProject
Global
	GlobalSection(SolutionConfigurationPlatforms) = preSolution
		Debug|Any CPU = Debug|Any CPU
		Release|Any CPU = Release|Any CPU
	EndGlobalSection
	GlobalSection(ProjectConfigurationPlatforms) = postSolution
		{B63F6ADD-7A97-4959-8A98-A8A6F6BDE2D9}.Debug|Any CPU.ActiveCfg = Debug|Any CPU
		{B63F6ADD-7A97-4959-8A98-A8A6F6BDE2D9}.Debug|Any CPU.Build.0 = Debug|Any CPU
		{B63F6ADD-7A97-4959-8A98-A8A6F6BDE2D9}.Release|Any CPU.ActiveCfg = Release|Any CPU
		{B63F6ADD-7A97-4959-8A98-A8A6F6BDE2D9}.Release|Any CPU.Build.0 = Release|Any CPU
		{39FB4CB0-7781-4EE0-AF5E-28A6CA68A139}.Debug|Any CPU.ActiveCfg = Debug|Any CPU
		{39FB4CB0-7781-4EE0-AF5E-28A6CA68A139}.Debug|Any CPU.Build.0 = Debug|Any CPU
		{39FB4CB0-7781-4EE0-AF5E-28A6CA68A139}.Release|Any CPU.ActiveCfg = Release|Any CPU
		{39FB4CB0-7781-4EE0-AF5E-28A6CA68A139}.Release|Any CPU.Build.0 = Release|Any CPU
	EndGlobalSection
	GlobalSection(SolutionProperties) = preSolution
		HideSolutionNode = FALSE
	EndGlobalSection
	GlobalSection(NestedProjects) = preSolution
		{B63F6ADD-7A97-4959-8A98-A8A6F6BDE2D9} = {7AFE6369-73FF-4A93-A6C2-7A5F01E4B253}
		{39FB4CB0-7781-4EE0-AF5E-28A6CA68A139} = {57AFE945-B2D5-4631-B8A9-4EBF059E89A3}
	EndGlobalSection
EndGlobal
